lockfileVersion: '9.0'

settings:
  autoInstallPeers: true
  excludeLinksFromLockfile: false

importers:
  .:
    devDependencies: {}

  frontend:
    dependencies:
      '@electron/notarize':
        specifier: ^2.2.1
        version: 2.2.1
      '@electron/osx-sign':
        specifier: ^1.0.5
        version: 1.0.5
      '@types/node':
        specifier: ^20.17.3
        version: 20.19.17
      '@vitejs/plugin-react':
        specifier: ^4.2.1
        version: 4.7.0(@types/node@20.19.17)(vite@4.5.14)
      axios:
        specifier: ^1.6.8
        version: 1.12.2
      clsx:
        specifier: ^2.1.0
        version: 2.1.6
      electron:
        specifier: ^27.3.11
        version: 27.3.11
      electron-builder:
        specifier: ^24.13.3
        version: 24.13.3(electron@27.3.11)
      lucide-react:
        specifier: ^0.364.0
        version: 0.451.0(react@18.3.1)
      react:
        specifier: ^18.2.0
        version: 18.3.1
      react-dom:
        specifier: ^18.2.0
        version: 18.3.1(react@18.3.1)
      react-router-dom:
        specifier: ^6.22.3
        version: 6.30.1(react-dom@18.3.1)(react@18.3.1)
      tailwind-merge:
        specifier: ^2.2.2
        version: 2.6.0
      vite:
        specifier: ^4.5.3
        version: 4.5.14(@types/node@20.19.17)
      zustand:
        specifier: ^4.5.2
        version: 4.5.6(@types/react@18.3.24)(react@18.3.1)
    devDependencies:
      '@playwright/test':
        specifier: ^1.42.1
        version: 1.55.0
      '@testing-library/jest-dom':
        specifier: ^6.4.2
        version: 6.8.0
      '@testing-library/react':
        specifier: ^13.4.0
        version: 13.4.0(react-dom@18.3.1)(react@18.3.1)
      '@testing-library/user-event':
        specifier: ^14.5.2
        version: 14.5.2(@testing-library/dom@9.3.4)
      '@types/react':
        specifier: ^18.2.66
        version: 18.3.24
      '@types/react-dom':
        specifier: ^18.2.22
        version: 18.3.7(@types/react@18.3.24)
      '@typescript-eslint/eslint-plugin':
        specifier: ^6.21.0
        version: 6.21.0(@typescript-eslint/parser@6.21.0)(eslint@8.57.1)(typescript@5.9.2)
      '@typescript-eslint/parser':
        specifier: ^6.21.0
        version: 6.21.0(eslint@8.57.1)(typescript@5.9.2)
      autoprefixer:
        specifier: ^10.4.19
        version: 10.4.21(postcss@8.5.6)
      eslint:
        specifier: ^8.57.0
        version: 8.57.1
      eslint-plugin-react-hooks:
        specifier: ^4.6.0
        version: 4.6.2(eslint@8.57.1)
      eslint-plugin-react-refresh:
        specifier: ^0.4.6
        version: 0.4.14(eslint@8.57.1)
      jest:
        specifier: ^29.7.0
        version: 29.7.0(@types/node@20.19.17)
      postcss:
        specifier: ^8.4.38
        version: 8.5.6
      prettier:
        specifier: ^3.2.5
        version: 3.4.2
      tailwindcss:
        specifier: ^3.4.3
        version: 3.4.17
      typescript:
        specifier: ^5.2.2
        version: 5.9.2
      wait-on:
        specifier: ^7.2.0
        version: 7.2.0

  packages/shared:
    devDependencies:
      typescript:
        specifier: ^5.0.0
        version: 5.9.2

packages: {}